
Microsoft Visual Studio Solution File, Format Version 12.00
# Visual Studio 2013
VisualStudioVersion = 12.0.21005.1
MinimumVisualStudioVersion = 10.0.40219.1
Project("{FAE04EC0-301F-11D3-BF4B-00C04F79EFBC}") = "Fine-ner", "Fine-ner\Fine-ner.csproj", "{9540EC69-F1B8-4717-A355-657435A77A28}"
EndProject
Project("{FAE04EC0-301F-11D3-BF4B-00C04F79EFBC}") = "Package-pml", "package-pml\Package-pml.csproj", "{5617DA2A-E03F-4E48-8150-D13FC0644C9C}"
EndProject
Project("{FAE04EC0-301F-11D3-BF4B-00C04F79EFBC}") = "DataProcessor", "DataProcessor\DataProcessor.csproj", "{C9CAEB35-1626-4C40-9E58-8D71AC853731}"
EndProject
Project("{FAE04EC0-301F-11D3-BF4B-00C04F79EFBC}") = "Type Heirarchy Construct", "Type Heirarchy Construct\Type Heirarchy Construct.csproj", "{95D7C747-031D-4DDB-821A-EDBA5FCD6275}"
EndProject
Project("{FAE04EC0-301F-11D3-BF4B-00C04F79EFBC}") = "User", "User\User.csproj", "{13DA9D5D-5545-4C41-950D-9A09C12FECF9}"
EndProject
Global
	GlobalSection(SolutionConfigurationPlatforms) = preSolution
		Debug|Any CPU = Debug|Any CPU
		Release|Any CPU = Release|Any CPU
	EndGlobalSection
	GlobalSection(ProjectConfigurationPlatforms) = postSolution
		{9540EC69-F1B8-4717-A355-657435A77A28}.Debug|Any CPU.ActiveCfg = Debug|Any CPU
		{9540EC69-F1B8-4717-A355-657435A77A28}.Debug|Any CPU.Build.0 = Debug|Any CPU
		{9540EC69-F1B8-4717-A355-657435A77A28}.Release|Any CPU.ActiveCfg = Release|Any CPU
		{9540EC69-F1B8-4717-A355-657435A77A28}.Release|Any CPU.Build.0 = Release|Any CPU
		{5617DA2A-E03F-4E48-8150-D13FC0644C9C}.Debug|Any CPU.ActiveCfg = Debug|Any CPU
		{5617DA2A-E03F-4E48-8150-D13FC0644C9C}.Debug|Any CPU.Build.0 = Debug|Any CPU
		{5617DA2A-E03F-4E48-8150-D13FC0644C9C}.Release|Any CPU.ActiveCfg = Release|Any CPU
		{5617DA2A-E03F-4E48-8150-D13FC0644C9C}.Release|Any CPU.Build.0 = Release|Any CPU
		{C9CAEB35-1626-4C40-9E58-8D71AC853731}.Debug|Any CPU.ActiveCfg = Debug|Any CPU
		{C9CAEB35-1626-4C40-9E58-8D71AC853731}.Debug|Any CPU.Build.0 = Debug|Any CPU
		{C9CAEB35-1626-4C40-9E58-8D71AC853731}.Release|Any CPU.ActiveCfg = Release|Any CPU
		{C9CAEB35-1626-4C40-9E58-8D71AC853731}.Release|Any CPU.Build.0 = Release|Any CPU
		{95D7C747-031D-4DDB-821A-EDBA5FCD6275}.Debug|Any CPU.ActiveCfg = Debug|Any CPU
		{95D7C747-031D-4DDB-821A-EDBA5FCD6275}.Debug|Any CPU.Build.0 = Debug|Any CPU
		{95D7C747-031D-4DDB-821A-EDBA5FCD6275}.Release|Any CPU.ActiveCfg = Release|Any CPU
		{95D7C747-031D-4DDB-821A-EDBA5FCD6275}.Release|Any CPU.Build.0 = Release|Any CPU
		{13DA9D5D-5545-4C41-950D-9A09C12FECF9}.Debug|Any CPU.ActiveCfg = Debug|Any CPU
		{13DA9D5D-5545-4C41-950D-9A09C12FECF9}.Debug|Any CPU.Build.0 = Debug|Any CPU
		{13DA9D5D-5545-4C41-950D-9A09C12FECF9}.Release|Any CPU.ActiveCfg = Release|Any CPU
		{13DA9D5D-5545-4C41-950D-9A09C12FECF9}.Release|Any CPU.Build.0 = Release|Any CPU
	EndGlobalSection
	GlobalSection(SolutionProperties) = preSolution
		HideSolutionNode = FALSE
	EndGlobalSection
EndGlobal
