
Microsoft Visual Studio Solution File, Format Version 12.00
# Visual Studio 14
VisualStudioVersion = 14.0.24720.0
MinimumVisualStudioVersion = 10.0.40219.1
Project("{FAE04EC0-301F-11D3-BF4B-00C04F79EFBC}") = "Fine-ner", "Fine-ner\Fine-ner.csproj", "{EA5B7BB2-AF8D-44C0-A60A-226A079D71CF}"
EndProject
Project("{FAE04EC0-301F-11D3-BF4B-00C04F79EFBC}") = "Package-pml", "package-pml\Package-pml.csproj", "{5617DA2A-E03F-4E48-8150-D13FC0644C9C}"
EndProject
Project("{FAE04EC0-301F-11D3-BF4B-00C04F79EFBC}") = "User", "User\User.csproj", "{EB94FDD1-7ED1-4EAB-ADAA-58248EE7B778}"
EndProject
Project("{FAE04EC0-301F-11D3-BF4B-00C04F79EFBC}") = "Type-hierachy-extractor", "Type-hierarchy-construct\Type-hierachy-extractor.csproj", "{654990FB-F813-463E-8254-599D3830F456}"
EndProject
Project("{2150E333-8FDC-42A3-9474-1A3956D46DE8}") = "EntityTyping", "EntityTyping", "{32BBDF45-67EA-41CC-AFCD-F8C51D30BAF8}"
EndProject
Project("{FAE04EC0-301F-11D3-BF4B-00C04F79EFBC}") = "DataProcessor", "DataProcessor\DataProcessor.csproj", "{DF5EA57F-C0F1-40C3-8EF9-0A6F022F9D07}"
EndProject
Project("{888888A0-9F3D-457C-B088-3A5042F75D52}") = "KMeans", "KMeans\KMeans.pyproj", "{F13E1464-D3F3-4DD6-A521-CA048322A7BD}"
EndProject
Global
	GlobalSection(SolutionConfigurationPlatforms) = preSolution
		Debug|Any CPU = Debug|Any CPU
		Debug|Mixed Platforms = Debug|Mixed Platforms
		Debug|Win32 = Debug|Win32
		Release|Any CPU = Release|Any CPU
		Release|Mixed Platforms = Release|Mixed Platforms
		Release|Win32 = Release|Win32
		Release-Signed|Any CPU = Release-Signed|Any CPU
		Release-Signed|Mixed Platforms = Release-Signed|Mixed Platforms
		Release-Signed|Win32 = Release-Signed|Win32
	EndGlobalSection
	GlobalSection(ProjectConfigurationPlatforms) = postSolution
		{EA5B7BB2-AF8D-44C0-A60A-226A079D71CF}.Debug|Any CPU.ActiveCfg = Debug|Any CPU
		{EA5B7BB2-AF8D-44C0-A60A-226A079D71CF}.Debug|Any CPU.Build.0 = Debug|Any CPU
		{EA5B7BB2-AF8D-44C0-A60A-226A079D71CF}.Debug|Mixed Platforms.ActiveCfg = Debug|Any CPU
		{EA5B7BB2-AF8D-44C0-A60A-226A079D71CF}.Debug|Mixed Platforms.Build.0 = Debug|Any CPU
		{EA5B7BB2-AF8D-44C0-A60A-226A079D71CF}.Debug|Win32.ActiveCfg = Debug|Any CPU
		{EA5B7BB2-AF8D-44C0-A60A-226A079D71CF}.Release|Any CPU.ActiveCfg = Release|Any CPU
		{EA5B7BB2-AF8D-44C0-A60A-226A079D71CF}.Release|Any CPU.Build.0 = Release|Any CPU
		{EA5B7BB2-AF8D-44C0-A60A-226A079D71CF}.Release|Mixed Platforms.ActiveCfg = Release|Any CPU
		{EA5B7BB2-AF8D-44C0-A60A-226A079D71CF}.Release|Mixed Platforms.Build.0 = Release|Any CPU
		{EA5B7BB2-AF8D-44C0-A60A-226A079D71CF}.Release|Win32.ActiveCfg = Release|Any CPU
		{EA5B7BB2-AF8D-44C0-A60A-226A079D71CF}.Release-Signed|Any CPU.ActiveCfg = Release|Any CPU
		{EA5B7BB2-AF8D-44C0-A60A-226A079D71CF}.Release-Signed|Any CPU.Build.0 = Release|Any CPU
		{EA5B7BB2-AF8D-44C0-A60A-226A079D71CF}.Release-Signed|Mixed Platforms.ActiveCfg = Release|Any CPU
		{EA5B7BB2-AF8D-44C0-A60A-226A079D71CF}.Release-Signed|Mixed Platforms.Build.0 = Release|Any CPU
		{EA5B7BB2-AF8D-44C0-A60A-226A079D71CF}.Release-Signed|Win32.ActiveCfg = Release|Any CPU
		{5617DA2A-E03F-4E48-8150-D13FC0644C9C}.Debug|Any CPU.ActiveCfg = Debug|Any CPU
		{5617DA2A-E03F-4E48-8150-D13FC0644C9C}.Debug|Any CPU.Build.0 = Debug|Any CPU
		{5617DA2A-E03F-4E48-8150-D13FC0644C9C}.Debug|Mixed Platforms.ActiveCfg = Debug|Any CPU
		{5617DA2A-E03F-4E48-8150-D13FC0644C9C}.Debug|Mixed Platforms.Build.0 = Debug|Any CPU
		{5617DA2A-E03F-4E48-8150-D13FC0644C9C}.Debug|Win32.ActiveCfg = Debug|Any CPU
		{5617DA2A-E03F-4E48-8150-D13FC0644C9C}.Release|Any CPU.ActiveCfg = Release|Any CPU
		{5617DA2A-E03F-4E48-8150-D13FC0644C9C}.Release|Any CPU.Build.0 = Release|Any CPU
		{5617DA2A-E03F-4E48-8150-D13FC0644C9C}.Release|Mixed Platforms.ActiveCfg = Release|Any CPU
		{5617DA2A-E03F-4E48-8150-D13FC0644C9C}.Release|Mixed Platforms.Build.0 = Release|Any CPU
		{5617DA2A-E03F-4E48-8150-D13FC0644C9C}.Release|Win32.ActiveCfg = Release|Any CPU
		{5617DA2A-E03F-4E48-8150-D13FC0644C9C}.Release-Signed|Any CPU.ActiveCfg = Release|Any CPU
		{5617DA2A-E03F-4E48-8150-D13FC0644C9C}.Release-Signed|Any CPU.Build.0 = Release|Any CPU
		{5617DA2A-E03F-4E48-8150-D13FC0644C9C}.Release-Signed|Mixed Platforms.ActiveCfg = Release|Any CPU
		{5617DA2A-E03F-4E48-8150-D13FC0644C9C}.Release-Signed|Mixed Platforms.Build.0 = Release|Any CPU
		{5617DA2A-E03F-4E48-8150-D13FC0644C9C}.Release-Signed|Win32.ActiveCfg = Release|Any CPU
		{EB94FDD1-7ED1-4EAB-ADAA-58248EE7B778}.Debug|Any CPU.ActiveCfg = Debug|Any CPU
		{EB94FDD1-7ED1-4EAB-ADAA-58248EE7B778}.Debug|Any CPU.Build.0 = Debug|Any CPU
		{EB94FDD1-7ED1-4EAB-ADAA-58248EE7B778}.Debug|Mixed Platforms.ActiveCfg = Debug|Any CPU
		{EB94FDD1-7ED1-4EAB-ADAA-58248EE7B778}.Debug|Mixed Platforms.Build.0 = Debug|Any CPU
		{EB94FDD1-7ED1-4EAB-ADAA-58248EE7B778}.Debug|Win32.ActiveCfg = Debug|Any CPU
		{EB94FDD1-7ED1-4EAB-ADAA-58248EE7B778}.Release|Any CPU.ActiveCfg = Release|Any CPU
		{EB94FDD1-7ED1-4EAB-ADAA-58248EE7B778}.Release|Any CPU.Build.0 = Release|Any CPU
		{EB94FDD1-7ED1-4EAB-ADAA-58248EE7B778}.Release|Mixed Platforms.ActiveCfg = Release|Any CPU
		{EB94FDD1-7ED1-4EAB-ADAA-58248EE7B778}.Release|Mixed Platforms.Build.0 = Release|Any CPU
		{EB94FDD1-7ED1-4EAB-ADAA-58248EE7B778}.Release|Win32.ActiveCfg = Release|Any CPU
		{EB94FDD1-7ED1-4EAB-ADAA-58248EE7B778}.Release-Signed|Any CPU.ActiveCfg = Release|Any CPU
		{EB94FDD1-7ED1-4EAB-ADAA-58248EE7B778}.Release-Signed|Any CPU.Build.0 = Release|Any CPU
		{EB94FDD1-7ED1-4EAB-ADAA-58248EE7B778}.Release-Signed|Mixed Platforms.ActiveCfg = Release|Any CPU
		{EB94FDD1-7ED1-4EAB-ADAA-58248EE7B778}.Release-Signed|Mixed Platforms.Build.0 = Release|Any CPU
		{EB94FDD1-7ED1-4EAB-ADAA-58248EE7B778}.Release-Signed|Win32.ActiveCfg = Release|Any CPU
		{654990FB-F813-463E-8254-599D3830F456}.Debug|Any CPU.ActiveCfg = Debug|Any CPU
		{654990FB-F813-463E-8254-599D3830F456}.Debug|Any CPU.Build.0 = Debug|Any CPU
		{654990FB-F813-463E-8254-599D3830F456}.Debug|Mixed Platforms.ActiveCfg = Debug|Any CPU
		{654990FB-F813-463E-8254-599D3830F456}.Debug|Mixed Platforms.Build.0 = Debug|Any CPU
		{654990FB-F813-463E-8254-599D3830F456}.Debug|Win32.ActiveCfg = Debug|Any CPU
		{654990FB-F813-463E-8254-599D3830F456}.Release|Any CPU.ActiveCfg = Release|Any CPU
		{654990FB-F813-463E-8254-599D3830F456}.Release|Any CPU.Build.0 = Release|Any CPU
		{654990FB-F813-463E-8254-599D3830F456}.Release|Mixed Platforms.ActiveCfg = Release|Any CPU
		{654990FB-F813-463E-8254-599D3830F456}.Release|Mixed Platforms.Build.0 = Release|Any CPU
		{654990FB-F813-463E-8254-599D3830F456}.Release|Win32.ActiveCfg = Release|Any CPU
		{654990FB-F813-463E-8254-599D3830F456}.Release-Signed|Any CPU.ActiveCfg = Release|Any CPU
		{654990FB-F813-463E-8254-599D3830F456}.Release-Signed|Any CPU.Build.0 = Release|Any CPU
		{654990FB-F813-463E-8254-599D3830F456}.Release-Signed|Mixed Platforms.ActiveCfg = Release|Any CPU
		{654990FB-F813-463E-8254-599D3830F456}.Release-Signed|Mixed Platforms.Build.0 = Release|Any CPU
		{654990FB-F813-463E-8254-599D3830F456}.Release-Signed|Win32.ActiveCfg = Release|Any CPU
		{DF5EA57F-C0F1-40C3-8EF9-0A6F022F9D07}.Debug|Any CPU.ActiveCfg = Debug|Any CPU
		{DF5EA57F-C0F1-40C3-8EF9-0A6F022F9D07}.Debug|Any CPU.Build.0 = Debug|Any CPU
		{DF5EA57F-C0F1-40C3-8EF9-0A6F022F9D07}.Debug|Mixed Platforms.ActiveCfg = Debug|Any CPU
		{DF5EA57F-C0F1-40C3-8EF9-0A6F022F9D07}.Debug|Mixed Platforms.Build.0 = Debug|Any CPU
		{DF5EA57F-C0F1-40C3-8EF9-0A6F022F9D07}.Debug|Win32.ActiveCfg = Debug|Any CPU
		{DF5EA57F-C0F1-40C3-8EF9-0A6F022F9D07}.Release|Any CPU.ActiveCfg = Release|Any CPU
		{DF5EA57F-C0F1-40C3-8EF9-0A6F022F9D07}.Release|Any CPU.Build.0 = Release|Any CPU
		{DF5EA57F-C0F1-40C3-8EF9-0A6F022F9D07}.Release|Mixed Platforms.ActiveCfg = Release|Any CPU
		{DF5EA57F-C0F1-40C3-8EF9-0A6F022F9D07}.Release|Mixed Platforms.Build.0 = Release|Any CPU
		{DF5EA57F-C0F1-40C3-8EF9-0A6F022F9D07}.Release|Win32.ActiveCfg = Release|Any CPU
		{DF5EA57F-C0F1-40C3-8EF9-0A6F022F9D07}.Release-Signed|Any CPU.ActiveCfg = Release|Any CPU
		{DF5EA57F-C0F1-40C3-8EF9-0A6F022F9D07}.Release-Signed|Any CPU.Build.0 = Release|Any CPU
		{DF5EA57F-C0F1-40C3-8EF9-0A6F022F9D07}.Release-Signed|Mixed Platforms.ActiveCfg = Release|Any CPU
		{DF5EA57F-C0F1-40C3-8EF9-0A6F022F9D07}.Release-Signed|Mixed Platforms.Build.0 = Release|Any CPU
		{DF5EA57F-C0F1-40C3-8EF9-0A6F022F9D07}.Release-Signed|Win32.ActiveCfg = Release|Any CPU
		{F13E1464-D3F3-4DD6-A521-CA048322A7BD}.Debug|Any CPU.ActiveCfg = Debug|Any CPU
		{F13E1464-D3F3-4DD6-A521-CA048322A7BD}.Debug|Mixed Platforms.ActiveCfg = Debug|Any CPU
		{F13E1464-D3F3-4DD6-A521-CA048322A7BD}.Debug|Win32.ActiveCfg = Debug|Any CPU
		{F13E1464-D3F3-4DD6-A521-CA048322A7BD}.Release|Any CPU.ActiveCfg = Release|Any CPU
		{F13E1464-D3F3-4DD6-A521-CA048322A7BD}.Release|Mixed Platforms.ActiveCfg = Release|Any CPU
		{F13E1464-D3F3-4DD6-A521-CA048322A7BD}.Release|Win32.ActiveCfg = Release|Any CPU
		{F13E1464-D3F3-4DD6-A521-CA048322A7BD}.Release-Signed|Any CPU.ActiveCfg = Release|Any CPU
		{F13E1464-D3F3-4DD6-A521-CA048322A7BD}.Release-Signed|Mixed Platforms.ActiveCfg = Release|Any CPU
		{F13E1464-D3F3-4DD6-A521-CA048322A7BD}.Release-Signed|Win32.ActiveCfg = Release|Any CPU
	EndGlobalSection
	GlobalSection(SolutionProperties) = preSolution
		HideSolutionNode = FALSE
	EndGlobalSection
	GlobalSection(NestedProjects) = preSolution
		{EA5B7BB2-AF8D-44C0-A60A-226A079D71CF} = {32BBDF45-67EA-41CC-AFCD-F8C51D30BAF8}
		{DF5EA57F-C0F1-40C3-8EF9-0A6F022F9D07} = {32BBDF45-67EA-41CC-AFCD-F8C51D30BAF8}
		{F13E1464-D3F3-4DD6-A521-CA048322A7BD} = {32BBDF45-67EA-41CC-AFCD-F8C51D30BAF8}
	EndGlobalSection
	GlobalSection(MonoDevelopProperties) = preSolution
		StartupItem = User\\User.csproj
	EndGlobalSection
EndGlobal
