
Microsoft Visual Studio Solution File, Format Version 12.00
# Visual Studio 2013
VisualStudioVersion = 12.0.21005.1
MinimumVisualStudioVersion = 10.0.40219.1
Project("{FAE04EC0-301F-11D3-BF4B-00C04F79EFBC}") = "Fine-ner", "Fine-ner\Fine-ner.csproj", "{EA5B7BB2-AF8D-44C0-A60A-226A079D71CF}"
EndProject
Project("{FAE04EC0-301F-11D3-BF4B-00C04F79EFBC}") = "Package-pml", "package-pml\Package-pml.csproj", "{5617DA2A-E03F-4E48-8150-D13FC0644C9C}"
EndProject
Project("{FAE04EC0-301F-11D3-BF4B-00C04F79EFBC}") = "User", "User\User.csproj", "{EB94FDD1-7ED1-4EAB-ADAA-58248EE7B778}"
EndProject
Project("{FAE04EC0-301F-11D3-BF4B-00C04F79EFBC}") = "Type-hierachy-extractor", "Type-hierarchy-construct\Type-hierachy-extractor.csproj", "{654990FB-F813-463E-8254-599D3830F456}"
EndProject
Project("{2150E333-8FDC-42A3-9474-1A3956D46DE8}") = "Readme", "Readme", "{C2F37492-38AE-4186-8A7F-17B0B080942C}"
	ProjectSection(SolutionItems) = preProject
		Mathnet\CONTRIBUTING.md = Mathnet\CONTRIBUTING.md
		Mathnet\CONTRIBUTORS.md = Mathnet\CONTRIBUTORS.md
		Mathnet\LICENSE.md = Mathnet\LICENSE.md
		Mathnet\README.md = Mathnet\README.md
		Mathnet\RELEASENOTES-CUDA.md = Mathnet\RELEASENOTES-CUDA.md
		Mathnet\RELEASENOTES-Data.md = Mathnet\RELEASENOTES-Data.md
		Mathnet\RELEASENOTES-MKL.md = Mathnet\RELEASENOTES-MKL.md
		Mathnet\RELEASENOTES-OpenBLAS.md = Mathnet\RELEASENOTES-OpenBLAS.md
		Mathnet\RELEASENOTES.md = Mathnet\RELEASENOTES.md
	EndProjectSection
EndProject
Project("{2150E333-8FDC-42A3-9474-1A3956D46DE8}") = "Build", "Build", "{A4A66FA9-C00C-4D5C-A776-27516EA0C536}"
	ProjectSection(SolutionItems) = preProject
		Mathnet\docs\tools\build-docs.fsx = Mathnet\docs\tools\build-docs.fsx
		Mathnet\build.fsx = Mathnet\build.fsx
		Mathnet\build\MathNet.Numerics.Extension.nuspec = Mathnet\build\MathNet.Numerics.Extension.nuspec
		Mathnet\build\MathNet.Numerics.nuspec = Mathnet\build\MathNet.Numerics.nuspec
		Mathnet\build\NativeProvider.targets = Mathnet\build\NativeProvider.targets
		Mathnet\paket.dependencies = Mathnet\paket.dependencies
		Mathnet\paket.lock = Mathnet\paket.lock
	EndProjectSection
EndProject
Project("{2150E333-8FDC-42A3-9474-1A3956D46DE8}") = "Docs", "Docs", "{039229DA-AFDA-48DB-B7FC-B064691DEE96}"
	ProjectSection(SolutionItems) = preProject
		Mathnet\docs\content\Build.md = Mathnet\docs\content\Build.md
		Mathnet\docs\content\Compatibility.md = Mathnet\docs\content\Compatibility.md
		Mathnet\docs\content\Constants.md = Mathnet\docs\content\Constants.md
		Mathnet\docs\content\CSV.md = Mathnet\docs\content\CSV.md
		Mathnet\docs\content\DescriptiveStatistics.md = Mathnet\docs\content\DescriptiveStatistics.md
		Mathnet\docs\content\Distance.md = Mathnet\docs\content\Distance.md
		Mathnet\docs\content\Euclid.md = Mathnet\docs\content\Euclid.md
		Mathnet\docs\content\Functions.md = Mathnet\docs\content\Functions.md
		Mathnet\docs\content\Generate.md = Mathnet\docs\content\Generate.md
		Mathnet\docs\content\IFsharpNotebook.md = Mathnet\docs\content\IFsharpNotebook.md
		Mathnet\docs\content\index.md = Mathnet\docs\content\index.md
		Mathnet\docs\content\IntegralTransforms.md = Mathnet\docs\content\IntegralTransforms.md
		Mathnet\docs\content\Integration.md = Mathnet\docs\content\Integration.md
		Mathnet\docs\content\Interpolation.md = Mathnet\docs\content\Interpolation.md
		Mathnet\docs\content\LinearEquations.md = Mathnet\docs\content\LinearEquations.md
		Mathnet\docs\content\MatlabFiles.md = Mathnet\docs\content\MatlabFiles.md
		Mathnet\docs\content\Matrix.md = Mathnet\docs\content\Matrix.md
		Mathnet\docs\content\MatrixMarket.md = Mathnet\docs\content\MatrixMarket.md
		Mathnet\docs\content\MKL.md = Mathnet\docs\content\MKL.md
		Mathnet\docs\content\Packages.md = Mathnet\docs\content\Packages.md
		Mathnet\docs\content\Probability.md = Mathnet\docs\content\Probability.md
		Mathnet\docs\content\Random.md = Mathnet\docs\content\Random.md
		Mathnet\docs\content\Regression.md = Mathnet\docs\content\Regression.md
		Mathnet\docs\tools\templates\template.cshtml = Mathnet\docs\tools\templates\template.cshtml
		Mathnet\docs\content\Users.md = Mathnet\docs\content\Users.md
	EndProjectSection
EndProject
Project("{2150E333-8FDC-42A3-9474-1A3956D46DE8}") = "EntityTyping", "EntityTyping", "{32BBDF45-67EA-41CC-AFCD-F8C51D30BAF8}"
EndProject
Project("{FAE04EC0-301F-11D3-BF4B-00C04F79EFBC}") = "DataProcessor", "DataProcessor\DataProcessor.csproj", "{DF5EA57F-C0F1-40C3-8EF9-0A6F022F9D07}"
EndProject
Global
	GlobalSection(TeamFoundationVersionControl) = preSolution
		SccNumberOfProjects = 6
		SccEnterpriseProvider = {4CA58AB2-18FA-4F8D-95D4-32DDF27D184C}
		SccTeamFoundationServer = https://minlong.visualstudio.com/defaultcollection
		SccLocalPath0 = .
		SccProjectUniqueName1 = Fine-ner\\Fine-ner.csproj
		SccProjectTopLevelParentUniqueName1 = NLP-develop.sln
		SccProjectName1 = Fine-ner
		SccLocalPath1 = Fine-ner
		SccProjectUniqueName2 = package-pml\\Package-pml.csproj
		SccProjectName2 = package-pml
		SccLocalPath2 = package-pml
		SccProjectUniqueName3 = User\\User.csproj
		SccProjectName3 = User
		SccLocalPath3 = User
		SccProjectUniqueName4 = Type-hierarchy-construct\\Type-hierachy-extractor.csproj
		SccProjectName4 = Type-hierarchy-construct
		SccLocalPath4 = Type-hierarchy-construct
		SccProjectUniqueName5 = DataProcessor\\DataProcessor.csproj
		SccProjectTopLevelParentUniqueName5 = NLP-develop.sln
		SccProjectName5 = DataProcessor
		SccLocalPath5 = DataProcessor
	EndGlobalSection
	GlobalSection(SolutionConfigurationPlatforms) = preSolution
		Debug|Any CPU = Debug|Any CPU
		Release|Any CPU = Release|Any CPU
		Release-Signed|Any CPU = Release-Signed|Any CPU
	EndGlobalSection
	GlobalSection(ProjectConfigurationPlatforms) = postSolution
		{EA5B7BB2-AF8D-44C0-A60A-226A079D71CF}.Debug|Any CPU.ActiveCfg = Debug|Any CPU
		{EA5B7BB2-AF8D-44C0-A60A-226A079D71CF}.Debug|Any CPU.Build.0 = Debug|Any CPU
		{EA5B7BB2-AF8D-44C0-A60A-226A079D71CF}.Release|Any CPU.ActiveCfg = Release|Any CPU
		{EA5B7BB2-AF8D-44C0-A60A-226A079D71CF}.Release|Any CPU.Build.0 = Release|Any CPU
		{EA5B7BB2-AF8D-44C0-A60A-226A079D71CF}.Release-Signed|Any CPU.ActiveCfg = Release|Any CPU
		{EA5B7BB2-AF8D-44C0-A60A-226A079D71CF}.Release-Signed|Any CPU.Build.0 = Release|Any CPU
		{5617DA2A-E03F-4E48-8150-D13FC0644C9C}.Debug|Any CPU.ActiveCfg = Debug|Any CPU
		{5617DA2A-E03F-4E48-8150-D13FC0644C9C}.Debug|Any CPU.Build.0 = Debug|Any CPU
		{5617DA2A-E03F-4E48-8150-D13FC0644C9C}.Release|Any CPU.ActiveCfg = Release|Any CPU
		{5617DA2A-E03F-4E48-8150-D13FC0644C9C}.Release|Any CPU.Build.0 = Release|Any CPU
		{5617DA2A-E03F-4E48-8150-D13FC0644C9C}.Release-Signed|Any CPU.ActiveCfg = Release|Any CPU
		{5617DA2A-E03F-4E48-8150-D13FC0644C9C}.Release-Signed|Any CPU.Build.0 = Release|Any CPU
		{EB94FDD1-7ED1-4EAB-ADAA-58248EE7B778}.Debug|Any CPU.ActiveCfg = Debug|Any CPU
		{EB94FDD1-7ED1-4EAB-ADAA-58248EE7B778}.Debug|Any CPU.Build.0 = Debug|Any CPU
		{EB94FDD1-7ED1-4EAB-ADAA-58248EE7B778}.Release|Any CPU.ActiveCfg = Release|Any CPU
		{EB94FDD1-7ED1-4EAB-ADAA-58248EE7B778}.Release|Any CPU.Build.0 = Release|Any CPU
		{EB94FDD1-7ED1-4EAB-ADAA-58248EE7B778}.Release-Signed|Any CPU.ActiveCfg = Release|Any CPU
		{EB94FDD1-7ED1-4EAB-ADAA-58248EE7B778}.Release-Signed|Any CPU.Build.0 = Release|Any CPU
		{654990FB-F813-463E-8254-599D3830F456}.Debug|Any CPU.ActiveCfg = Debug|Any CPU
		{654990FB-F813-463E-8254-599D3830F456}.Debug|Any CPU.Build.0 = Debug|Any CPU
		{654990FB-F813-463E-8254-599D3830F456}.Release|Any CPU.ActiveCfg = Release|Any CPU
		{654990FB-F813-463E-8254-599D3830F456}.Release|Any CPU.Build.0 = Release|Any CPU
		{654990FB-F813-463E-8254-599D3830F456}.Release-Signed|Any CPU.ActiveCfg = Release|Any CPU
		{654990FB-F813-463E-8254-599D3830F456}.Release-Signed|Any CPU.Build.0 = Release|Any CPU
		{DF5EA57F-C0F1-40C3-8EF9-0A6F022F9D07}.Debug|Any CPU.ActiveCfg = Debug|Any CPU
		{DF5EA57F-C0F1-40C3-8EF9-0A6F022F9D07}.Debug|Any CPU.Build.0 = Debug|Any CPU
		{DF5EA57F-C0F1-40C3-8EF9-0A6F022F9D07}.Release|Any CPU.ActiveCfg = Release|Any CPU
		{DF5EA57F-C0F1-40C3-8EF9-0A6F022F9D07}.Release|Any CPU.Build.0 = Release|Any CPU
		{DF5EA57F-C0F1-40C3-8EF9-0A6F022F9D07}.Release-Signed|Any CPU.ActiveCfg = Release|Any CPU
		{DF5EA57F-C0F1-40C3-8EF9-0A6F022F9D07}.Release-Signed|Any CPU.Build.0 = Release|Any CPU
	EndGlobalSection
	GlobalSection(SolutionProperties) = preSolution
		HideSolutionNode = FALSE
	EndGlobalSection
	GlobalSection(NestedProjects) = preSolution
		{EA5B7BB2-AF8D-44C0-A60A-226A079D71CF} = {32BBDF45-67EA-41CC-AFCD-F8C51D30BAF8}
		{DF5EA57F-C0F1-40C3-8EF9-0A6F022F9D07} = {32BBDF45-67EA-41CC-AFCD-F8C51D30BAF8}
	EndGlobalSection
	GlobalSection(MonoDevelopProperties) = preSolution
		StartupItem = User\\User.csproj
	EndGlobalSection
EndGlobal
